// !$*UTF8*$!
{
	archiveVersion = 1;
	classes = {
	};
	objectVersion = 46;
	objects = {

/* Begin PBXBuildFile section */
		E9301B5F16BC3E13000B2338 /* RegistrationViewController.m in Sources */ = {isa = PBXBuildFile; fileRef = E9301B5E16BC3E13000B2338 /* RegistrationViewController.m */; };
		E9329D3816B331CE008E33BC /* applogo.png in Resources */ = {isa = PBXBuildFile; fileRef = E9329D3716B331CE008E33BC /* applogo.png */; };
		E93B86FF16B5A97100EE9084 /* AnimationViewController.m in Sources */ = {isa = PBXBuildFile; fileRef = E93B86FE16B5A97100EE9084 /* AnimationViewController.m */; };
		E93B870716B5AA3800EE9084 /* Database.m in Sources */ = {isa = PBXBuildFile; fileRef = E93B870616B5AA3800EE9084 /* Database.m */; };
		E93B870B16B5AAA200EE9084 /* libsqlite3.0.dylib in Frameworks */ = {isa = PBXBuildFile; fileRef = E93B870A16B5AAA100EE9084 /* libsqlite3.0.dylib */; };
		E93B870E16B5B21900EE9084 /* VideoList.m in Sources */ = {isa = PBXBuildFile; fileRef = E93B870D16B5B21900EE9084 /* VideoList.m */; };
		E93B871816B5B7D800EE9084 /* DetailViewController.m in Sources */ = {isa = PBXBuildFile; fileRef = E93B871716B5B7D700EE9084 /* DetailViewController.m */; };
		E949E6C616B594E8006FFBC7 /* AppDelegate.m in Sources */ = {isa = PBXBuildFile; fileRef = E949E6B016B594E8006FFBC7 /* AppDelegate.m */; };
		E949E6C716B594E8006FFBC7 /* Cirqueorial-Info.plist in Resources */ = {isa = PBXBuildFile; fileRef = E949E6B116B594E8006FFBC7 /* Cirqueorial-Info.plist */; };
		E949E6C816B594E8006FFBC7 /* Default.jpg in Resources */ = {isa = PBXBuildFile; fileRef = E949E6B316B594E8006FFBC7 /* Default.jpg */; };
		E949E6C916B594E8006FFBC7 /* Default@2x.jpg in Resources */ = {isa = PBXBuildFile; fileRef = E949E6B416B594E8006FFBC7 /* Default@2x.jpg */; };
		E949E6CA16B594E8006FFBC7 /* InfoPlist.strings in Resources */ = {isa = PBXBuildFile; fileRef = E949E6B516B594E8006FFBC7 /* InfoPlist.strings */; };
		E949E6CB16B594E8006FFBC7 /* MainStoryboard.storyboard in Resources */ = {isa = PBXBuildFile; fileRef = E949E6B716B594E8006FFBC7 /* MainStoryboard.storyboard */; };
		E949E6CC16B594E8006FFBC7 /* facebook-icon.gif in Resources */ = {isa = PBXBuildFile; fileRef = E949E6B916B594E8006FFBC7 /* facebook-icon.gif */; };
		E949E6CD16B594E8006FFBC7 /* facebook-logo.png in Resources */ = {isa = PBXBuildFile; fileRef = E949E6BA16B594E8006FFBC7 /* facebook-logo.png */; };
		E949E6CE16B594E8006FFBC7 /* Library_Icon.png in Resources */ = {isa = PBXBuildFile; fileRef = E949E6BB16B594E8006FFBC7 /* Library_Icon.png */; };
		E949E6CF16B594E8006FFBC7 /* loginBackgroundIPhonePortrait@2x.jpg in Resources */ = {isa = PBXBuildFile; fileRef = E949E6BC16B594E8006FFBC7 /* loginBackgroundIPhonePortrait@2x.jpg */; };
		E949E6D016B594E8006FFBC7 /* mag_glass.png in Resources */ = {isa = PBXBuildFile; fileRef = E949E6BD16B594E8006FFBC7 /* mag_glass.png */; };
		E949E6D116B594E8006FFBC7 /* main.m in Sources */ = {isa = PBXBuildFile; fileRef = E949E6BE16B594E8006FFBC7 /* main.m */; };
		E949E6D216B594E8006FFBC7 /* Profile_Icon.png in Resources */ = {isa = PBXBuildFile; fileRef = E949E6BF16B594E8006FFBC7 /* Profile_Icon.png */; };
		E949E6D316B594E8006FFBC7 /* Search_Icon.png in Resources */ = {isa = PBXBuildFile; fileRef = E949E6C016B594E8006FFBC7 /* Search_Icon.png */; };
		E949E6D416B594E8006FFBC7 /* Settings_Icon.png in Resources */ = {isa = PBXBuildFile; fileRef = E949E6C116B594E8006FFBC7 /* Settings_Icon.png */; };
		E949E6D516B594E8006FFBC7 /* silver-button-normal.png in Resources */ = {isa = PBXBuildFile; fileRef = E949E6C216B594E8006FFBC7 /* silver-button-normal.png */; };
		E949E6D616B594E8006FFBC7 /* title.jpg in Resources */ = {isa = PBXBuildFile; fileRef = E949E6C316B594E8006FFBC7 /* title.jpg */; };
		E949E6D716B594E8006FFBC7 /* ViewController.m in Sources */ = {isa = PBXBuildFile; fileRef = E949E6C516B594E8006FFBC7 /* ViewController.m */; };
		E965301616B2F092009D4307 /* UIKit.framework in Frameworks */ = {isa = PBXBuildFile; fileRef = E965301516B2F092009D4307 /* UIKit.framework */; };
		E965301816B2F092009D4307 /* Foundation.framework in Frameworks */ = {isa = PBXBuildFile; fileRef = E965301716B2F092009D4307 /* Foundation.framework */; };
		E965301A16B2F092009D4307 /* CoreGraphics.framework in Frameworks */ = {isa = PBXBuildFile; fileRef = E965301916B2F092009D4307 /* CoreGraphics.framework */; };
		E965304816B2F4E5009D4307 /* Accounts.framework in Frameworks */ = {isa = PBXBuildFile; fileRef = E965304516B2F4E5009D4307 /* Accounts.framework */; settings = {ATTRIBUTES = (Weak, ); }; };
		E965304916B2F4E5009D4307 /* AdSupport.framework in Frameworks */ = {isa = PBXBuildFile; fileRef = E965304616B2F4E5009D4307 /* AdSupport.framework */; settings = {ATTRIBUTES = (Weak, ); }; };
		E965304A16B2F4E5009D4307 /* Social.framework in Frameworks */ = {isa = PBXBuildFile; fileRef = E965304716B2F4E5009D4307 /* Social.framework */; settings = {ATTRIBUTES = (Weak, ); }; };
		E969437D16BEB4AE0012664F /* Video_Test_DB.sqlite in Resources */ = {isa = PBXBuildFile; fileRef = E969437C16BEB4AE0012664F /* Video_Test_DB.sqlite */; };
		E969438116BEBAEA0012664F /* test.db in Resources */ = {isa = PBXBuildFile; fileRef = E969438016BEBAEA0012664F /* test.db */; };
		E969439016BECBCF0012664F /* FMDatabase.m in Sources */ = {isa = PBXBuildFile; fileRef = E969438716BECBCF0012664F /* FMDatabase.m */; };
		E969439116BECBCF0012664F /* FMDatabaseAdditions.m in Sources */ = {isa = PBXBuildFile; fileRef = E969438916BECBCF0012664F /* FMDatabaseAdditions.m */; };
		E969439216BECBCF0012664F /* FMDatabasePool.m in Sources */ = {isa = PBXBuildFile; fileRef = E969438B16BECBCF0012664F /* FMDatabasePool.m */; };
		E969439316BECBCF0012664F /* FMDatabaseQueue.m in Sources */ = {isa = PBXBuildFile; fileRef = E969438D16BECBCF0012664F /* FMDatabaseQueue.m */; };
		E969439416BECBCF0012664F /* FMResultSet.m in Sources */ = {isa = PBXBuildFile; fileRef = E969438F16BECBCF0012664F /* FMResultSet.m */; };
		E969439816BEDCE20012664F /* UserList.m in Sources */ = {isa = PBXBuildFile; fileRef = E969439716BEDCE20012664F /* UserList.m */; };
		E96B5F1D16BFDE2800720CA5 /* AuthenticationViewController.m in Sources */ = {isa = PBXBuildFile; fileRef = E96B5F1C16BFDE2800720CA5 /* AuthenticationViewController.m */; };
		E97067E816B7018500F515EF /* ProfileViewController.m in Sources */ = {isa = PBXBuildFile; fileRef = E97067E716B7018500F515EF /* ProfileViewController.m */; };
		E97067E916B70DE000F515EF /* LibraryViewController.m in Sources */ = {isa = PBXBuildFile; fileRef = E97067E316B6FF8C00F515EF /* LibraryViewController.m */; };
		E9724F7F16C56BE900F50491 /* Parse.framework in Frameworks */ = {isa = PBXBuildFile; fileRef = E9724F7E16C56BE900F50491 /* Parse.framework */; };
		E9724F8116C56C1400F50491 /* AudioToolbox.framework in Frameworks */ = {isa = PBXBuildFile; fileRef = E9724F8016C56C1400F50491 /* AudioToolbox.framework */; };
		E9724F8B16C56C6F00F50491 /* CFNetwork.framework in Frameworks */ = {isa = PBXBuildFile; fileRef = E9724F8216C56C6F00F50491 /* CFNetwork.framework */; };
		E9724F8C16C56C6F00F50491 /* CoreLocation.framework in Frameworks */ = {isa = PBXBuildFile; fileRef = E9724F8316C56C6F00F50491 /* CoreLocation.framework */; };
		E9724F8D16C56C6F00F50491 /* libsqlite3.dylib in Frameworks */ = {isa = PBXBuildFile; fileRef = E9724F8416C56C6F00F50491 /* libsqlite3.dylib */; };
		E9724F8E16C56C6F00F50491 /* libz.1.1.3.dylib in Frameworks */ = {isa = PBXBuildFile; fileRef = E9724F8516C56C6F00F50491 /* libz.1.1.3.dylib */; };
		E9724F8F16C56C6F00F50491 /* MobileCoreServices.framework in Frameworks */ = {isa = PBXBuildFile; fileRef = E9724F8616C56C6F00F50491 /* MobileCoreServices.framework */; };
		E9724F9016C56C6F00F50491 /* QuartzCore.framework in Frameworks */ = {isa = PBXBuildFile; fileRef = E9724F8716C56C6F00F50491 /* QuartzCore.framework */; };
		E9724F9116C56C6F00F50491 /* Security.framework in Frameworks */ = {isa = PBXBuildFile; fileRef = E9724F8816C56C6F00F50491 /* Security.framework */; };
		E9724F9216C56C6F00F50491 /* StoreKit.framework in Frameworks */ = {isa = PBXBuildFile; fileRef = E9724F8916C56C6F00F50491 /* StoreKit.framework */; };
		E9724F9316C56C6F00F50491 /* SystemConfiguration.framework in Frameworks */ = {isa = PBXBuildFile; fileRef = E9724F8A16C56C6F00F50491 /* SystemConfiguration.framework */; };
		E98E977A16C01E4D0063606F /* BSKeyboardControls.m in Sources */ = {isa = PBXBuildFile; fileRef = E98E977316C01E4D0063606F /* BSKeyboardControls.m */; };
		E98E977B16C01E4D0063606F /* BSKeyboardControls.strings in Resources */ = {isa = PBXBuildFile; fileRef = E98E977416C01E4D0063606F /* BSKeyboardControls.strings */; };
		E98E977C16C01E4D0063606F /* BSKeyboardControls.podspec in Resources */ = {isa = PBXBuildFile; fileRef = E98E977716C01E4D0063606F /* BSKeyboardControls.podspec */; };
		E98E977D16C01E4D0063606F /* License.txt in Resources */ = {isa = PBXBuildFile; fileRef = E98E977816C01E4D0063606F /* License.txt */; };
		E98E977E16C01E4D0063606F /* README.md in Resources */ = {isa = PBXBuildFile; fileRef = E98E977916C01E4D0063606F /* README.md */; };
		E9996ACD16B59D540065C5E0 /* FacebookSDK.framework in Frameworks */ = {isa = PBXBuildFile; fileRef = E9996ACC16B59D540065C5E0 /* FacebookSDK.framework */; };
		E99FC81A16D7AF4600A05851 /* UserDetailViewController.m in Sources */ = {isa = PBXBuildFile; fileRef = E99FC81916D7AF4600A05851 /* UserDetailViewController.m */; };
		E9D2527B16D13657008A9232 /* FBRegistrationViewController.m in Sources */ = {isa = PBXBuildFile; fileRef = E9D2527A16D13657008A9232 /* FBRegistrationViewController.m */; };
		E9D32A5C16B82A870076932E /* CategoryViewController.m in Sources */ = {isa = PBXBuildFile; fileRef = E9D32A5B16B82A870076932E /* CategoryViewController.m */; };
		E9D32A6016B8310B0076932E /* FacebookSDKResources.bundle in Resources */ = {isa = PBXBuildFile; fileRef = E9D32A5E16B8310B0076932E /* FacebookSDKResources.bundle */; };
		E9D32A6116B8310B0076932E /* FBUserSettingsViewResources.bundle in Resources */ = {isa = PBXBuildFile; fileRef = E9D32A5F16B8310B0076932E /* FBUserSettingsViewResources.bundle */; };
		E9D6AD6816B3217E00311E4C /* Default-568h@2x.png in Resources */ = {isa = PBXBuildFile; fileRef = E9D6AD6716B3217E00311E4C /* Default-568h@2x.png */; };
		E9F9DE9416D64071005CA429 /* ParseUserViewController.m in Sources */ = {isa = PBXBuildFile; fileRef = E9F9DE9316D64071005CA429 /* ParseUserViewController.m */; };
/* End PBXBuildFile section */

/* Begin PBXFileReference section */
		E9301B5D16BC3E13000B2338 /* RegistrationViewController.h */ = {isa = PBXFileReference; fileEncoding = 4; lastKnownFileType = sourcecode.c.h; path = RegistrationViewController.h; sourceTree = "<group>"; };
		E9301B5E16BC3E13000B2338 /* RegistrationViewController.m */ = {isa = PBXFileReference; fileEncoding = 4; lastKnownFileType = sourcecode.c.objc; path = RegistrationViewController.m; sourceTree = "<group>"; };
		E9329D3716B331CE008E33BC /* applogo.png */ = {isa = PBXFileReference; lastKnownFileType = image.png; path = applogo.png; sourceTree = "<group>"; };
		E93B86FD16B5A97100EE9084 /* AnimationViewController.h */ = {isa = PBXFileReference; fileEncoding = 4; lastKnownFileType = sourcecode.c.h; path = AnimationViewController.h; sourceTree = "<group>"; };
		E93B86FE16B5A97100EE9084 /* AnimationViewController.m */ = {isa = PBXFileReference; fileEncoding = 4; lastKnownFileType = sourcecode.c.objc; path = AnimationViewController.m; sourceTree = "<group>"; };
		E93B870516B5AA3800EE9084 /* Database.h */ = {isa = PBXFileReference; fileEncoding = 4; lastKnownFileType = sourcecode.c.h; name = Database.h; path = Cirqueorial/Database.h; sourceTree = "<group>"; };
		E93B870616B5AA3800EE9084 /* Database.m */ = {isa = PBXFileReference; fileEncoding = 4; lastKnownFileType = sourcecode.c.objc; name = Database.m; path = Cirqueorial/Database.m; sourceTree = "<group>"; };
		E93B870A16B5AAA100EE9084 /* libsqlite3.0.dylib */ = {isa = PBXFileReference; lastKnownFileType = "compiled.mach-o.dylib"; name = libsqlite3.0.dylib; path = usr/lib/libsqlite3.0.dylib; sourceTree = SDKROOT; };
		E93B870C16B5B21900EE9084 /* VideoList.h */ = {isa = PBXFileReference; fileEncoding = 4; lastKnownFileType = sourcecode.c.h; name = VideoList.h; path = Cirqueorial/VideoList.h; sourceTree = "<group>"; };
		E93B870D16B5B21900EE9084 /* VideoList.m */ = {isa = PBXFileReference; fileEncoding = 4; lastKnownFileType = sourcecode.c.objc; name = VideoList.m; path = Cirqueorial/VideoList.m; sourceTree = "<group>"; };
		E93B871616B5B7D700EE9084 /* DetailViewController.h */ = {isa = PBXFileReference; fileEncoding = 4; lastKnownFileType = sourcecode.c.h; path = DetailViewController.h; sourceTree = "<group>"; };
		E93B871716B5B7D700EE9084 /* DetailViewController.m */ = {isa = PBXFileReference; fileEncoding = 4; lastKnownFileType = sourcecode.c.objc; path = DetailViewController.m; sourceTree = "<group>"; };
		E949E6AF16B594E8006FFBC7 /* AppDelegate.h */ = {isa = PBXFileReference; fileEncoding = 4; lastKnownFileType = sourcecode.c.h; path = AppDelegate.h; sourceTree = "<group>"; };
		E949E6B016B594E8006FFBC7 /* AppDelegate.m */ = {isa = PBXFileReference; fileEncoding = 4; lastKnownFileType = sourcecode.c.objc; path = AppDelegate.m; sourceTree = "<group>"; };
		E949E6B116B594E8006FFBC7 /* Cirqueorial-Info.plist */ = {isa = PBXFileReference; fileEncoding = 4; lastKnownFileType = text.plist.xml; path = "Cirqueorial-Info.plist"; sourceTree = "<group>"; };
		E949E6B216B594E8006FFBC7 /* Cirqueorial-Prefix.pch */ = {isa = PBXFileReference; fileEncoding = 4; lastKnownFileType = sourcecode.c.h; path = "Cirqueorial-Prefix.pch"; sourceTree = "<group>"; };
		E949E6B316B594E8006FFBC7 /* Default.jpg */ = {isa = PBXFileReference; lastKnownFileType = image.jpeg; name = Default.jpg; path = Cirqueorial/Default.jpg; sourceTree = "<group>"; };
		E949E6B416B594E8006FFBC7 /* Default@2x.jpg */ = {isa = PBXFileReference; lastKnownFileType = image.jpeg; name = "Default@2x.jpg"; path = "Cirqueorial/Default@2x.jpg"; sourceTree = "<group>"; };
		E949E6B616B594E8006FFBC7 /* en */ = {isa = PBXFileReference; lastKnownFileType = text.plist.strings; name = en; path = en.lproj/InfoPlist.strings; sourceTree = "<group>"; };
		E949E6B816B594E8006FFBC7 /* en */ = {isa = PBXFileReference; lastKnownFileType = file.storyboard; name = en; path = en.lproj/MainStoryboard.storyboard; sourceTree = "<group>"; };
		E949E6B916B594E8006FFBC7 /* facebook-icon.gif */ = {isa = PBXFileReference; lastKnownFileType = image.gif; name = "facebook-icon.gif"; path = "Cirqueorial/facebook-icon.gif"; sourceTree = "<group>"; };
		E949E6BA16B594E8006FFBC7 /* facebook-logo.png */ = {isa = PBXFileReference; lastKnownFileType = image.png; name = "facebook-logo.png"; path = "Cirqueorial/facebook-logo.png"; sourceTree = "<group>"; };
		E949E6BB16B594E8006FFBC7 /* Library_Icon.png */ = {isa = PBXFileReference; lastKnownFileType = image.png; name = Library_Icon.png; path = Cirqueorial/Library_Icon.png; sourceTree = "<group>"; };
		E949E6BC16B594E8006FFBC7 /* loginBackgroundIPhonePortrait@2x.jpg */ = {isa = PBXFileReference; lastKnownFileType = image.jpeg; name = "loginBackgroundIPhonePortrait@2x.jpg"; path = "Cirqueorial/loginBackgroundIPhonePortrait@2x.jpg"; sourceTree = "<group>"; };
		E949E6BD16B594E8006FFBC7 /* mag_glass.png */ = {isa = PBXFileReference; lastKnownFileType = image.png; name = mag_glass.png; path = Cirqueorial/mag_glass.png; sourceTree = "<group>"; };
		E949E6BE16B594E8006FFBC7 /* main.m */ = {isa = PBXFileReference; fileEncoding = 4; lastKnownFileType = sourcecode.c.objc; path = main.m; sourceTree = "<group>"; };
		E949E6BF16B594E8006FFBC7 /* Profile_Icon.png */ = {isa = PBXFileReference; lastKnownFileType = image.png; name = Profile_Icon.png; path = Cirqueorial/Profile_Icon.png; sourceTree = "<group>"; };
		E949E6C016B594E8006FFBC7 /* Search_Icon.png */ = {isa = PBXFileReference; lastKnownFileType = image.png; name = Search_Icon.png; path = Cirqueorial/Search_Icon.png; sourceTree = "<group>"; };
		E949E6C116B594E8006FFBC7 /* Settings_Icon.png */ = {isa = PBXFileReference; lastKnownFileType = image.png; name = Settings_Icon.png; path = Cirqueorial/Settings_Icon.png; sourceTree = "<group>"; };
		E949E6C216B594E8006FFBC7 /* silver-button-normal.png */ = {isa = PBXFileReference; lastKnownFileType = image.png; name = "silver-button-normal.png"; path = "Cirqueorial/silver-button-normal.png"; sourceTree = "<group>"; };
		E949E6C316B594E8006FFBC7 /* title.jpg */ = {isa = PBXFileReference; lastKnownFileType = image.jpeg; name = title.jpg; path = Cirqueorial/title.jpg; sourceTree = "<group>"; };
		E949E6C416B594E8006FFBC7 /* ViewController.h */ = {isa = PBXFileReference; fileEncoding = 4; lastKnownFileType = sourcecode.c.h; path = ViewController.h; sourceTree = "<group>"; };
		E949E6C516B594E8006FFBC7 /* ViewController.m */ = {isa = PBXFileReference; fileEncoding = 4; lastKnownFileType = sourcecode.c.objc; path = ViewController.m; sourceTree = "<group>"; };
		E965301116B2F092009D4307 /* Cirqueorial.app */ = {isa = PBXFileReference; explicitFileType = wrapper.application; includeInIndex = 0; path = Cirqueorial.app; sourceTree = BUILT_PRODUCTS_DIR; };
		E965301516B2F092009D4307 /* UIKit.framework */ = {isa = PBXFileReference; lastKnownFileType = wrapper.framework; name = UIKit.framework; path = System/Library/Frameworks/UIKit.framework; sourceTree = SDKROOT; };
		E965301716B2F092009D4307 /* Foundation.framework */ = {isa = PBXFileReference; lastKnownFileType = wrapper.framework; name = Foundation.framework; path = System/Library/Frameworks/Foundation.framework; sourceTree = SDKROOT; };
		E965301916B2F092009D4307 /* CoreGraphics.framework */ = {isa = PBXFileReference; lastKnownFileType = wrapper.framework; name = CoreGraphics.framework; path = System/Library/Frameworks/CoreGraphics.framework; sourceTree = SDKROOT; };
		E965304516B2F4E5009D4307 /* Accounts.framework */ = {isa = PBXFileReference; lastKnownFileType = wrapper.framework; name = Accounts.framework; path = System/Library/Frameworks/Accounts.framework; sourceTree = SDKROOT; };
		E965304616B2F4E5009D4307 /* AdSupport.framework */ = {isa = PBXFileReference; lastKnownFileType = wrapper.framework; name = AdSupport.framework; path = System/Library/Frameworks/AdSupport.framework; sourceTree = SDKROOT; };
		E965304716B2F4E5009D4307 /* Social.framework */ = {isa = PBXFileReference; lastKnownFileType = wrapper.framework; name = Social.framework; path = System/Library/Frameworks/Social.framework; sourceTree = SDKROOT; };
		E969437C16BEB4AE0012664F /* Video_Test_DB.sqlite */ = {isa = PBXFileReference; lastKnownFileType = file; name = Video_Test_DB.sqlite; path = Database/Video_Test_DB.sqlite; sourceTree = "<group>"; };
		E969438016BEBAEA0012664F /* test.db */ = {isa = PBXFileReference; lastKnownFileType = file; name = test.db; path = Database/test.db; sourceTree = "<group>"; };
		E969438616BECBCF0012664F /* FMDatabase.h */ = {isa = PBXFileReference; fileEncoding = 4; lastKnownFileType = sourcecode.c.h; name = FMDatabase.h; path = Cirqueorial/FMDatabase.h; sourceTree = "<group>"; };
		E969438716BECBCF0012664F /* FMDatabase.m */ = {isa = PBXFileReference; fileEncoding = 4; lastKnownFileType = sourcecode.c.objc; name = FMDatabase.m; path = Cirqueorial/FMDatabase.m; sourceTree = "<group>"; };
		E969438816BECBCF0012664F /* FMDatabaseAdditions.h */ = {isa = PBXFileReference; fileEncoding = 4; lastKnownFileType = sourcecode.c.h; name = FMDatabaseAdditions.h; path = Cirqueorial/FMDatabaseAdditions.h; sourceTree = "<group>"; };
		E969438916BECBCF0012664F /* FMDatabaseAdditions.m */ = {isa = PBXFileReference; fileEncoding = 4; lastKnownFileType = sourcecode.c.objc; name = FMDatabaseAdditions.m; path = Cirqueorial/FMDatabaseAdditions.m; sourceTree = "<group>"; };
		E969438A16BECBCF0012664F /* FMDatabasePool.h */ = {isa = PBXFileReference; fileEncoding = 4; lastKnownFileType = sourcecode.c.h; name = FMDatabasePool.h; path = Cirqueorial/FMDatabasePool.h; sourceTree = "<group>"; };
		E969438B16BECBCF0012664F /* FMDatabasePool.m */ = {isa = PBXFileReference; fileEncoding = 4; lastKnownFileType = sourcecode.c.objc; name = FMDatabasePool.m; path = Cirqueorial/FMDatabasePool.m; sourceTree = "<group>"; };
		E969438C16BECBCF0012664F /* FMDatabaseQueue.h */ = {isa = PBXFileReference; fileEncoding = 4; lastKnownFileType = sourcecode.c.h; name = FMDatabaseQueue.h; path = Cirqueorial/FMDatabaseQueue.h; sourceTree = "<group>"; };
		E969438D16BECBCF0012664F /* FMDatabaseQueue.m */ = {isa = PBXFileReference; fileEncoding = 4; lastKnownFileType = sourcecode.c.objc; name = FMDatabaseQueue.m; path = Cirqueorial/FMDatabaseQueue.m; sourceTree = "<group>"; };
		E969438E16BECBCF0012664F /* FMResultSet.h */ = {isa = PBXFileReference; fileEncoding = 4; lastKnownFileType = sourcecode.c.h; name = FMResultSet.h; path = Cirqueorial/FMResultSet.h; sourceTree = "<group>"; };
		E969438F16BECBCF0012664F /* FMResultSet.m */ = {isa = PBXFileReference; fileEncoding = 4; lastKnownFileType = sourcecode.c.objc; name = FMResultSet.m; path = Cirqueorial/FMResultSet.m; sourceTree = "<group>"; };
		E969439616BEDCE20012664F /* UserList.h */ = {isa = PBXFileReference; fileEncoding = 4; lastKnownFileType = sourcecode.c.h; name = UserList.h; path = Cirqueorial/UserList.h; sourceTree = "<group>"; };
		E969439716BEDCE20012664F /* UserList.m */ = {isa = PBXFileReference; fileEncoding = 4; lastKnownFileType = sourcecode.c.objc; name = UserList.m; path = Cirqueorial/UserList.m; sourceTree = "<group>"; };
		E96B5F1B16BFDE2800720CA5 /* AuthenticationViewController.h */ = {isa = PBXFileReference; fileEncoding = 4; lastKnownFileType = sourcecode.c.h; path = AuthenticationViewController.h; sourceTree = "<group>"; };
		E96B5F1C16BFDE2800720CA5 /* AuthenticationViewController.m */ = {isa = PBXFileReference; fileEncoding = 4; lastKnownFileType = sourcecode.c.objc; path = AuthenticationViewController.m; sourceTree = "<group>"; };
		E97067E216B6FF8C00F515EF /* LibraryViewController.h */ = {isa = PBXFileReference; lastKnownFileType = sourcecode.c.h; path = LibraryViewController.h; sourceTree = "<group>"; };
		E97067E316B6FF8C00F515EF /* LibraryViewController.m */ = {isa = PBXFileReference; lastKnownFileType = sourcecode.c.objc; path = LibraryViewController.m; sourceTree = "<group>"; };
		E97067E616B7018400F515EF /* ProfileViewController.h */ = {isa = PBXFileReference; fileEncoding = 4; lastKnownFileType = sourcecode.c.h; path = ProfileViewController.h; sourceTree = "<group>"; };
		E97067E716B7018500F515EF /* ProfileViewController.m */ = {isa = PBXFileReference; fileEncoding = 4; lastKnownFileType = sourcecode.c.objc; path = ProfileViewController.m; sourceTree = "<group>"; };
		E9724F7E16C56BE900F50491 /* Parse.framework */ = {isa = PBXFileReference; lastKnownFileType = wrapper.framework; path = Parse.framework; sourceTree = "<group>"; };
		E9724F8016C56C1400F50491 /* AudioToolbox.framework */ = {isa = PBXFileReference; lastKnownFileType = wrapper.framework; name = AudioToolbox.framework; path = System/Library/Frameworks/AudioToolbox.framework; sourceTree = SDKROOT; };
		E9724F8216C56C6F00F50491 /* CFNetwork.framework */ = {isa = PBXFileReference; lastKnownFileType = wrapper.framework; name = CFNetwork.framework; path = System/Library/Frameworks/CFNetwork.framework; sourceTree = SDKROOT; };
		E9724F8316C56C6F00F50491 /* CoreLocation.framework */ = {isa = PBXFileReference; lastKnownFileType = wrapper.framework; name = CoreLocation.framework; path = System/Library/Frameworks/CoreLocation.framework; sourceTree = SDKROOT; };
		E9724F8416C56C6F00F50491 /* libsqlite3.dylib */ = {isa = PBXFileReference; lastKnownFileType = "compiled.mach-o.dylib"; name = libsqlite3.dylib; path = usr/lib/libsqlite3.dylib; sourceTree = SDKROOT; };
		E9724F8516C56C6F00F50491 /* libz.1.1.3.dylib */ = {isa = PBXFileReference; lastKnownFileType = "compiled.mach-o.dylib"; name = libz.1.1.3.dylib; path = usr/lib/libz.1.1.3.dylib; sourceTree = SDKROOT; };
		E9724F8616C56C6F00F50491 /* MobileCoreServices.framework */ = {isa = PBXFileReference; lastKnownFileType = wrapper.framework; name = MobileCoreServices.framework; path = System/Library/Frameworks/MobileCoreServices.framework; sourceTree = SDKROOT; };
		E9724F8716C56C6F00F50491 /* QuartzCore.framework */ = {isa = PBXFileReference; lastKnownFileType = wrapper.framework; name = QuartzCore.framework; path = System/Library/Frameworks/QuartzCore.framework; sourceTree = SDKROOT; };
		E9724F8816C56C6F00F50491 /* Security.framework */ = {isa = PBXFileReference; lastKnownFileType = wrapper.framework; name = Security.framework; path = System/Library/Frameworks/Security.framework; sourceTree = SDKROOT; };
		E9724F8916C56C6F00F50491 /* StoreKit.framework */ = {isa = PBXFileReference; lastKnownFileType = wrapper.framework; name = StoreKit.framework; path = System/Library/Frameworks/StoreKit.framework; sourceTree = SDKROOT; };
		E9724F8A16C56C6F00F50491 /* SystemConfiguration.framework */ = {isa = PBXFileReference; lastKnownFileType = wrapper.framework; name = SystemConfiguration.framework; path = System/Library/Frameworks/SystemConfiguration.framework; sourceTree = SDKROOT; };
		E98E977216C01E4D0063606F /* BSKeyboardControls.h */ = {isa = PBXFileReference; fileEncoding = 4; lastKnownFileType = sourcecode.c.h; path = BSKeyboardControls.h; sourceTree = "<group>"; };
		E98E977316C01E4D0063606F /* BSKeyboardControls.m */ = {isa = PBXFileReference; fileEncoding = 4; lastKnownFileType = sourcecode.c.objc; path = BSKeyboardControls.m; sourceTree = "<group>"; };
		E98E977516C01E4D0063606F /* da */ = {isa = PBXFileReference; lastKnownFileType = text.plist.strings; name = da; path = da.lproj/BSKeyboardControls.strings; sourceTree = "<group>"; };
		E98E977616C01E4D0063606F /* en */ = {isa = PBXFileReference; lastKnownFileType = text.plist.strings; name = en; path = en.lproj/BSKeyboardControls.strings; sourceTree = "<group>"; };
		E98E977716C01E4D0063606F /* BSKeyboardControls.podspec */ = {isa = PBXFileReference; fileEncoding = 4; lastKnownFileType = text; path = BSKeyboardControls.podspec; sourceTree = "<group>"; };
		E98E977816C01E4D0063606F /* License.txt */ = {isa = PBXFileReference; fileEncoding = 4; lastKnownFileType = text; path = License.txt; sourceTree = "<group>"; };
		E98E977916C01E4D0063606F /* README.md */ = {isa = PBXFileReference; fileEncoding = 4; lastKnownFileType = text; path = README.md; sourceTree = "<group>"; };
		E9996ACC16B59D540065C5E0 /* FacebookSDK.framework */ = {isa = PBXFileReference; lastKnownFileType = wrapper.framework; name = FacebookSDK.framework; path = ../../../../../Documents/FacebookSDK/FacebookSDK.framework; sourceTree = "<group>"; };
		E99FC81816D7AF4600A05851 /* UserDetailViewController.h */ = {isa = PBXFileReference; fileEncoding = 4; lastKnownFileType = sourcecode.c.h; path = UserDetailViewController.h; sourceTree = "<group>"; };
		E99FC81916D7AF4600A05851 /* UserDetailViewController.m */ = {isa = PBXFileReference; fileEncoding = 4; lastKnownFileType = sourcecode.c.objc; path = UserDetailViewController.m; sourceTree = "<group>"; };
		E9D2527916D13657008A9232 /* FBRegistrationViewController.h */ = {isa = PBXFileReference; fileEncoding = 4; lastKnownFileType = sourcecode.c.h; path = FBRegistrationViewController.h; sourceTree = "<group>"; };
		E9D2527A16D13657008A9232 /* FBRegistrationViewController.m */ = {isa = PBXFileReference; fileEncoding = 4; lastKnownFileType = sourcecode.c.objc; path = FBRegistrationViewController.m; sourceTree = "<group>"; };
		E9D32A5A16B82A870076932E /* CategoryViewController.h */ = {isa = PBXFileReference; fileEncoding = 4; lastKnownFileType = sourcecode.c.h; path = CategoryViewController.h; sourceTree = "<group>"; };
		E9D32A5B16B82A870076932E /* CategoryViewController.m */ = {isa = PBXFileReference; fileEncoding = 4; lastKnownFileType = sourcecode.c.objc; path = CategoryViewController.m; sourceTree = "<group>"; };
		E9D32A5E16B8310B0076932E /* FacebookSDKResources.bundle */ = {isa = PBXFileReference; lastKnownFileType = "wrapper.plug-in"; path = FacebookSDKResources.bundle; sourceTree = "<group>"; };
		E9D32A5F16B8310B0076932E /* FBUserSettingsViewResources.bundle */ = {isa = PBXFileReference; lastKnownFileType = "wrapper.plug-in"; path = FBUserSettingsViewResources.bundle; sourceTree = "<group>"; };
		E9D6AD6716B3217E00311E4C /* Default-568h@2x.png */ = {isa = PBXFileReference; lastKnownFileType = image.png; path = "Default-568h@2x.png"; sourceTree = "<group>"; };
		E9F9DE9216D64071005CA429 /* ParseUserViewController.h */ = {isa = PBXFileReference; fileEncoding = 4; lastKnownFileType = sourcecode.c.h; path = ParseUserViewController.h; sourceTree = "<group>"; };
		E9F9DE9316D64071005CA429 /* ParseUserViewController.m */ = {isa = PBXFileReference; fileEncoding = 4; lastKnownFileType = sourcecode.c.objc; path = ParseUserViewController.m; sourceTree = "<group>"; };
/* End PBXFileReference section */

/* Begin PBXFrameworksBuildPhase section */
		E965300E16B2F092009D4307 /* Frameworks */ = {
			isa = PBXFrameworksBuildPhase;
			buildActionMask = 2147483647;
			files = (
				E9724F8B16C56C6F00F50491 /* CFNetwork.framework in Frameworks */,
				E9724F8C16C56C6F00F50491 /* CoreLocation.framework in Frameworks */,
				E9724F8D16C56C6F00F50491 /* libsqlite3.dylib in Frameworks */,
				E9724F8E16C56C6F00F50491 /* libz.1.1.3.dylib in Frameworks */,
				E9724F8F16C56C6F00F50491 /* MobileCoreServices.framework in Frameworks */,
				E9724F9016C56C6F00F50491 /* QuartzCore.framework in Frameworks */,
				E9724F9116C56C6F00F50491 /* Security.framework in Frameworks */,
				E9724F9216C56C6F00F50491 /* StoreKit.framework in Frameworks */,
				E9724F9316C56C6F00F50491 /* SystemConfiguration.framework in Frameworks */,
				E965304816B2F4E5009D4307 /* Accounts.framework in Frameworks */,
				E965304916B2F4E5009D4307 /* AdSupport.framework in Frameworks */,
				E965301A16B2F092009D4307 /* CoreGraphics.framework in Frameworks */,
				E965304A16B2F4E5009D4307 /* Social.framework in Frameworks */,
				E9724F8116C56C1400F50491 /* AudioToolbox.framework in Frameworks */,
				E93B870B16B5AAA200EE9084 /* libsqlite3.0.dylib in Frameworks */,
				E965301616B2F092009D4307 /* UIKit.framework in Frameworks */,
				E965301816B2F092009D4307 /* Foundation.framework in Frameworks */,
				E9996ACD16B59D540065C5E0 /* FacebookSDK.framework in Frameworks */,
				E9724F7F16C56BE900F50491 /* Parse.framework in Frameworks */,
			);
			runOnlyForDeploymentPostprocessing = 0;
		};
/* End PBXFrameworksBuildPhase section */

/* Begin PBXGroup section */
		E93B870F16B5B46000EE9084 /* Model */ = {
			isa = PBXGroup;
			children = (
				E969437C16BEB4AE0012664F /* Video_Test_DB.sqlite */,
				E969438016BEBAEA0012664F /* test.db */,
				E93B870C16B5B21900EE9084 /* VideoList.h */,
				E93B870D16B5B21900EE9084 /* VideoList.m */,
				E969439616BEDCE20012664F /* UserList.h */,
				E969439716BEDCE20012664F /* UserList.m */,
				E93B870516B5AA3800EE9084 /* Database.h */,
				E93B870616B5AA3800EE9084 /* Database.m */,
			);
			name = Model;
			sourceTree = "<group>";
		};
		E949E6AE16B594E8006FFBC7 /* Cirqueorial */ = {
			isa = PBXGroup;
			children = (
				E949E6B716B594E8006FFBC7 /* MainStoryboard.storyboard */,
				E949E6AF16B594E8006FFBC7 /* AppDelegate.h */,
				E949E6B016B594E8006FFBC7 /* AppDelegate.m */,
				E949E6C416B594E8006FFBC7 /* ViewController.h */,
				E949E6C516B594E8006FFBC7 /* ViewController.m */,
				E9301B5D16BC3E13000B2338 /* RegistrationViewController.h */,
				E9301B5E16BC3E13000B2338 /* RegistrationViewController.m */,
				E9D2527916D13657008A9232 /* FBRegistrationViewController.h */,
				E9D2527A16D13657008A9232 /* FBRegistrationViewController.m */,
				E9D32A5A16B82A870076932E /* CategoryViewController.h */,
				E9D32A5B16B82A870076932E /* CategoryViewController.m */,
				E97067E216B6FF8C00F515EF /* LibraryViewController.h */,
				E97067E316B6FF8C00F515EF /* LibraryViewController.m */,
				E9F9DE9216D64071005CA429 /* ParseUserViewController.h */,
				E9F9DE9316D64071005CA429 /* ParseUserViewController.m */,
				E96B5F1B16BFDE2800720CA5 /* AuthenticationViewController.h */,
				E96B5F1C16BFDE2800720CA5 /* AuthenticationViewController.m */,
				E99FC81816D7AF4600A05851 /* UserDetailViewController.h */,
				E99FC81916D7AF4600A05851 /* UserDetailViewController.m */,
				E93B871616B5B7D700EE9084 /* DetailViewController.h */,
				E93B871716B5B7D700EE9084 /* DetailViewController.m */,
				E93B86FD16B5A97100EE9084 /* AnimationViewController.h */,
				E93B86FE16B5A97100EE9084 /* AnimationViewController.m */,
				E97067E616B7018400F515EF /* ProfileViewController.h */,
				E97067E716B7018500F515EF /* ProfileViewController.m */,
				E949E6BE16B594E8006FFBC7 /* main.m */,
				E949E6B116B594E8006FFBC7 /* Cirqueorial-Info.plist */,
				E949E6B216B594E8006FFBC7 /* Cirqueorial-Prefix.pch */,
				E949E6B516B594E8006FFBC7 /* InfoPlist.strings */,
				E949E6D916B59518006FFBC7 /* Supporting Files */,
			);
			path = Cirqueorial;
			sourceTree = "<group>";
		};
		E949E6D916B59518006FFBC7 /* Supporting Files */ = {
			isa = PBXGroup;
			children = (
				E9329D3716B331CE008E33BC /* applogo.png */,
				E9D6AD6716B3217E00311E4C /* Default-568h@2x.png */,
				E949E6B316B594E8006FFBC7 /* Default.jpg */,
				E949E6B416B594E8006FFBC7 /* Default@2x.jpg */,
				E949E6B916B594E8006FFBC7 /* facebook-icon.gif */,
				E949E6BA16B594E8006FFBC7 /* facebook-logo.png */,
				E949E6BB16B594E8006FFBC7 /* Library_Icon.png */,
				E949E6BC16B594E8006FFBC7 /* loginBackgroundIPhonePortrait@2x.jpg */,
				E949E6BD16B594E8006FFBC7 /* mag_glass.png */,
				E949E6BF16B594E8006FFBC7 /* Profile_Icon.png */,
				E949E6C016B594E8006FFBC7 /* Search_Icon.png */,
				E949E6C116B594E8006FFBC7 /* Settings_Icon.png */,
				E949E6C216B594E8006FFBC7 /* silver-button-normal.png */,
				E949E6C316B594E8006FFBC7 /* title.jpg */,
			);
			name = "Supporting Files";
			path = ..;
			sourceTree = "<group>";
		};
		E965300616B2F092009D4307 = {
			isa = PBXGroup;
			children = (
				E98E977016C01E4D0063606F /* BSKeyboardControls */,
				E93B870F16B5B46000EE9084 /* Model */,
				E949E6AE16B594E8006FFBC7 /* Cirqueorial */,
				E969439516BECBE00012664F /* FMDB */,
				E965301416B2F092009D4307 /* Frameworks */,
				E965301216B2F092009D4307 /* Products */,
			);
			sourceTree = "<group>";
		};
		E965301216B2F092009D4307 /* Products */ = {
			isa = PBXGroup;
			children = (
				E965301116B2F092009D4307 /* Cirqueorial.app */,
			);
			name = Products;
			sourceTree = "<group>";
		};
		E965301416B2F092009D4307 /* Frameworks */ = {
			isa = PBXGroup;
			children = (
				E9724F8216C56C6F00F50491 /* CFNetwork.framework */,
				E9724F8316C56C6F00F50491 /* CoreLocation.framework */,
				E9724F8416C56C6F00F50491 /* libsqlite3.dylib */,
				E9724F8516C56C6F00F50491 /* libz.1.1.3.dylib */,
				E9724F8616C56C6F00F50491 /* MobileCoreServices.framework */,
				E9724F8716C56C6F00F50491 /* QuartzCore.framework */,
				E9724F8816C56C6F00F50491 /* Security.framework */,
				E9724F8916C56C6F00F50491 /* StoreKit.framework */,
				E9724F8A16C56C6F00F50491 /* SystemConfiguration.framework */,
				E9724F8016C56C1400F50491 /* AudioToolbox.framework */,
				E9724F7E16C56BE900F50491 /* Parse.framework */,
				E93B870A16B5AAA100EE9084 /* libsqlite3.0.dylib */,
				E9D32A5E16B8310B0076932E /* FacebookSDKResources.bundle */,
				E9D32A5F16B8310B0076932E /* FBUserSettingsViewResources.bundle */,
				E9996ACC16B59D540065C5E0 /* FacebookSDK.framework */,
				E965304516B2F4E5009D4307 /* Accounts.framework */,
				E965304616B2F4E5009D4307 /* AdSupport.framework */,
				E965304716B2F4E5009D4307 /* Social.framework */,
				E965301516B2F092009D4307 /* UIKit.framework */,
				E965301716B2F092009D4307 /* Foundation.framework */,
				E965301916B2F092009D4307 /* CoreGraphics.framework */,
			);
			name = Frameworks;
			sourceTree = "<group>";
		};
		E969439516BECBE00012664F /* FMDB */ = {
			isa = PBXGroup;
			children = (
				E969438616BECBCF0012664F /* FMDatabase.h */,
				E969438716BECBCF0012664F /* FMDatabase.m */,
				E969438816BECBCF0012664F /* FMDatabaseAdditions.h */,
				E969438916BECBCF0012664F /* FMDatabaseAdditions.m */,
				E969438A16BECBCF0012664F /* FMDatabasePool.h */,
				E969438B16BECBCF0012664F /* FMDatabasePool.m */,
				E969438C16BECBCF0012664F /* FMDatabaseQueue.h */,
				E969438D16BECBCF0012664F /* FMDatabaseQueue.m */,
				E969438E16BECBCF0012664F /* FMResultSet.h */,
				E969438F16BECBCF0012664F /* FMResultSet.m */,
			);
			name = FMDB;
			sourceTree = "<group>";
		};
		E98E977016C01E4D0063606F /* BSKeyboardControls */ = {
			isa = PBXGroup;
			children = (
				E98E977116C01E4D0063606F /* BSKeyboardControls */,
				E98E977716C01E4D0063606F /* BSKeyboardControls.podspec */,
				E98E977816C01E4D0063606F /* License.txt */,
				E98E977916C01E4D0063606F /* README.md */,
			);
			path = BSKeyboardControls;
			sourceTree = "<group>";
		};
		E98E977116C01E4D0063606F /* BSKeyboardControls */ = {
			isa = PBXGroup;
			children = (
				E98E977216C01E4D0063606F /* BSKeyboardControls.h */,
				E98E977316C01E4D0063606F /* BSKeyboardControls.m */,
				E98E977416C01E4D0063606F /* BSKeyboardControls.strings */,
			);
			path = BSKeyboardControls;
			sourceTree = "<group>";
		};
/* End PBXGroup section */

/* Begin PBXNativeTarget section */
		E965301016B2F092009D4307 /* Cirqueorial */ = {
			isa = PBXNativeTarget;
			buildConfigurationList = E965303516B2F092009D4307 /* Build configuration list for PBXNativeTarget "Cirqueorial" */;
			buildPhases = (
				E965300D16B2F092009D4307 /* Sources */,
				E965300E16B2F092009D4307 /* Frameworks */,
				E965300F16B2F092009D4307 /* Resources */,
			);
			buildRules = (
			);
			dependencies = (
			);
			name = Cirqueorial;
			productName = Cirqueorial;
			productReference = E965301116B2F092009D4307 /* Cirqueorial.app */;
			productType = "com.apple.product-type.application";
		};
/* End PBXNativeTarget section */

/* Begin PBXProject section */
		E965300816B2F092009D4307 /* Project object */ = {
			isa = PBXProject;
			attributes = {
				LastUpgradeCheck = 0450;
				ORGANIZATIONNAME = "Aberystwyth University";
			};
			buildConfigurationList = E965300B16B2F092009D4307 /* Build configuration list for PBXProject "Cirqueorial" */;
			compatibilityVersion = "Xcode 3.2";
			developmentRegion = English;
			hasScannedForEncodings = 0;
			knownRegions = (
				en,
				da,
			);
			mainGroup = E965300616B2F092009D4307;
			productRefGroup = E965301216B2F092009D4307 /* Products */;
			projectDirPath = "";
			projectRoot = "";
			targets = (
				E965301016B2F092009D4307 /* Cirqueorial */,
			);
		};
/* End PBXProject section */

/* Begin PBXResourcesBuildPhase section */
		E965300F16B2F092009D4307 /* Resources */ = {
			isa = PBXResourcesBuildPhase;
			buildActionMask = 2147483647;
			files = (
				E9D6AD6816B3217E00311E4C /* Default-568h@2x.png in Resources */,
				E9329D3816B331CE008E33BC /* applogo.png in Resources */,
				E949E6C716B594E8006FFBC7 /* Cirqueorial-Info.plist in Resources */,
				E949E6C816B594E8006FFBC7 /* Default.jpg in Resources */,
				E949E6C916B594E8006FFBC7 /* Default@2x.jpg in Resources */,
				E949E6CA16B594E8006FFBC7 /* InfoPlist.strings in Resources */,
				E949E6CB16B594E8006FFBC7 /* MainStoryboard.storyboard in Resources */,
				E949E6CC16B594E8006FFBC7 /* facebook-icon.gif in Resources */,
				E949E6CD16B594E8006FFBC7 /* facebook-logo.png in Resources */,
				E949E6CE16B594E8006FFBC7 /* Library_Icon.png in Resources */,
				E949E6CF16B594E8006FFBC7 /* loginBackgroundIPhonePortrait@2x.jpg in Resources */,
				E949E6D016B594E8006FFBC7 /* mag_glass.png in Resources */,
				E949E6D216B594E8006FFBC7 /* Profile_Icon.png in Resources */,
				E949E6D316B594E8006FFBC7 /* Search_Icon.png in Resources */,
				E949E6D416B594E8006FFBC7 /* Settings_Icon.png in Resources */,
				E949E6D516B594E8006FFBC7 /* silver-button-normal.png in Resources */,
				E949E6D616B594E8006FFBC7 /* title.jpg in Resources */,
				E9D32A6016B8310B0076932E /* FacebookSDKResources.bundle in Resources */,
				E9D32A6116B8310B0076932E /* FBUserSettingsViewResources.bundle in Resources */,
				E969437D16BEB4AE0012664F /* Video_Test_DB.sqlite in Resources */,
				E969438116BEBAEA0012664F /* test.db in Resources */,
				E98E977B16C01E4D0063606F /* BSKeyboardControls.strings in Resources */,
				E98E977C16C01E4D0063606F /* BSKeyboardControls.podspec in Resources */,
				E98E977D16C01E4D0063606F /* License.txt in Resources */,
				E98E977E16C01E4D0063606F /* README.md in Resources */,
			);
			runOnlyForDeploymentPostprocessing = 0;
		};
/* End PBXResourcesBuildPhase section */

/* Begin PBXSourcesBuildPhase section */
		E965300D16B2F092009D4307 /* Sources */ = {
			isa = PBXSourcesBuildPhase;
			buildActionMask = 2147483647;
			files = (
				E949E6C616B594E8006FFBC7 /* AppDelegate.m in Sources */,
				E949E6D116B594E8006FFBC7 /* main.m in Sources */,
				E949E6D716B594E8006FFBC7 /* ViewController.m in Sources */,
				E93B86FF16B5A97100EE9084 /* AnimationViewController.m in Sources */,
				E93B870716B5AA3800EE9084 /* Database.m in Sources */,
				E93B870E16B5B21900EE9084 /* VideoList.m in Sources */,
				E93B871816B5B7D800EE9084 /* DetailViewController.m in Sources */,
				E97067E816B7018500F515EF /* ProfileViewController.m in Sources */,
				E97067E916B70DE000F515EF /* LibraryViewController.m in Sources */,
				E9D32A5C16B82A870076932E /* CategoryViewController.m in Sources */,
				E9301B5F16BC3E13000B2338 /* RegistrationViewController.m in Sources */,
				E969439016BECBCF0012664F /* FMDatabase.m in Sources */,
				E969439116BECBCF0012664F /* FMDatabaseAdditions.m in Sources */,
				E969439216BECBCF0012664F /* FMDatabasePool.m in Sources */,
				E969439316BECBCF0012664F /* FMDatabaseQueue.m in Sources */,
				E969439416BECBCF0012664F /* FMResultSet.m in Sources */,
				E969439816BEDCE20012664F /* UserList.m in Sources */,
				E96B5F1D16BFDE2800720CA5 /* AuthenticationViewController.m in Sources */,
				E98E977A16C01E4D0063606F /* BSKeyboardControls.m in Sources */,
				E9D2527B16D13657008A9232 /* FBRegistrationViewController.m in Sources */,
				E9F9DE9416D64071005CA429 /* ParseUserViewController.m in Sources */,
				E99FC81A16D7AF4600A05851 /* UserDetailViewController.m in Sources */,
			);
			runOnlyForDeploymentPostprocessing = 0;
		};
/* End PBXSourcesBuildPhase section */

/* Begin PBXVariantGroup section */
		E949E6B516B594E8006FFBC7 /* InfoPlist.strings */ = {
			isa = PBXVariantGroup;
			children = (
				E949E6B616B594E8006FFBC7 /* en */,
			);
			name = InfoPlist.strings;
			sourceTree = "<group>";
		};
		E949E6B716B594E8006FFBC7 /* MainStoryboard.storyboard */ = {
			isa = PBXVariantGroup;
			children = (
				E949E6B816B594E8006FFBC7 /* en */,
			);
			name = MainStoryboard.storyboard;
			sourceTree = "<group>";
		};
		E98E977416C01E4D0063606F /* BSKeyboardControls.strings */ = {
			isa = PBXVariantGroup;
			children = (
				E98E977516C01E4D0063606F /* da */,
				E98E977616C01E4D0063606F /* en */,
			);
			name = BSKeyboardControls.strings;
			sourceTree = "<group>";
		};
/* End PBXVariantGroup section */

/* Begin XCBuildConfiguration section */
		E965303316B2F092009D4307 /* Debug */ = {
			isa = XCBuildConfiguration;
			buildSettings = {
				ALWAYS_SEARCH_USER_PATHS = NO;
				CLANG_CXX_LANGUAGE_STANDARD = "gnu++0x";
				CLANG_CXX_LIBRARY = "libc++";
				CLANG_ENABLE_OBJC_ARC = YES;
				CLANG_WARN_EMPTY_BODY = YES;
				CLANG_WARN__DUPLICATE_METHOD_MATCH = YES;
				"CODE_SIGN_IDENTITY[sdk=iphoneos*]" = "iPhone Developer";
				COPY_PHASE_STRIP = NO;
				GCC_C_LANGUAGE_STANDARD = gnu99;
				GCC_DYNAMIC_NO_PIC = NO;
				GCC_OPTIMIZATION_LEVEL = 0;
				GCC_PREPROCESSOR_DEFINITIONS = (
					"DEBUG=1",
					"$(inherited)",
				);
				GCC_SYMBOLS_PRIVATE_EXTERN = NO;
				GCC_WARN_ABOUT_RETURN_TYPE = YES;
				GCC_WARN_UNINITIALIZED_AUTOS = YES;
				GCC_WARN_UNUSED_VARIABLE = YES;
				IPHONEOS_DEPLOYMENT_TARGET = 6.0;
				ONLY_ACTIVE_ARCH = YES;
				SDKROOT = iphoneos;
			};
			name = Debug;
		};
		E965303416B2F092009D4307 /* Release */ = {
			isa = XCBuildConfiguration;
			buildSettings = {
				ALWAYS_SEARCH_USER_PATHS = NO;
				CLANG_CXX_LANGUAGE_STANDARD = "gnu++0x";
				CLANG_CXX_LIBRARY = "libc++";
				CLANG_ENABLE_OBJC_ARC = YES;
				CLANG_WARN_EMPTY_BODY = YES;
				CLANG_WARN__DUPLICATE_METHOD_MATCH = YES;
				"CODE_SIGN_IDENTITY[sdk=iphoneos*]" = "iPhone Developer";
				COPY_PHASE_STRIP = YES;
				GCC_C_LANGUAGE_STANDARD = gnu99;
				GCC_WARN_ABOUT_RETURN_TYPE = YES;
				GCC_WARN_UNINITIALIZED_AUTOS = YES;
				GCC_WARN_UNUSED_VARIABLE = YES;
				IPHONEOS_DEPLOYMENT_TARGET = 6.0;
				OTHER_CFLAGS = "-DNS_BLOCK_ASSERTIONS=1";
				SDKROOT = iphoneos;
				VALIDATE_PRODUCT = YES;
			};
			name = Release;
		};
		E965303616B2F092009D4307 /* Debug */ = {
			isa = XCBuildConfiguration;
			buildSettings = {
				FRAMEWORK_SEARCH_PATHS = (
					"$(inherited)",
					"\"$(SRCROOT)/../../../../Documents/FacebookSDK\"",
					"\"$(SRCROOT)/../../../../../Documents/FacebookSDK\"",
					"\"$(SRCROOT)\"",
				);
				GCC_PRECOMPILE_PREFIX_HEADER = YES;
				GCC_PREFIX_HEADER = "Cirqueorial/Cirqueorial-Prefix.pch";
				INFOPLIST_FILE = "$(SRCROOT)/Cirqueorial/Cirqueorial-Info.plist";
				OTHER_LDFLAGS = "-lsqlite3.0";
				PRODUCT_NAME = Cirqueorial;
				WRAPPER_EXTENSION = app;
			};
			name = Debug;
		};
		E965303716B2F092009D4307 /* Release */ = {
			isa = XCBuildConfiguration;
			buildSettings = {
				FRAMEWORK_SEARCH_PATHS = (
					"$(inherited)",
					"\"$(SRCROOT)/../../../../Documents/FacebookSDK\"",
					"\"$(SRCROOT)/../../../../../Documents/FacebookSDK\"",
					"\"$(SRCROOT)\"",
				);
				GCC_PRECOMPILE_PREFIX_HEADER = YES;
				GCC_PREFIX_HEADER = "Cirqueorial/Cirqueorial-Prefix.pch";
				INFOPLIST_FILE = "$(SRCROOT)/Cirqueorial/Cirqueorial-Info.plist";
				OTHER_LDFLAGS = "-lsqlite3.0";
				PRODUCT_NAME = Cirqueorial;
				WRAPPER_EXTENSION = app;
			};
			name = Release;
		};
/* End XCBuildConfiguration section */

/* Begin XCConfigurationList section */
		E965300B16B2F092009D4307 /* Build configuration list for PBXProject "Cirqueorial" */ = {
			isa = XCConfigurationList;
			buildConfigurations = (
				E965303316B2F092009D4307 /* Debug */,
				E965303416B2F092009D4307 /* Release */,
			);
			defaultConfigurationIsVisible = 0;
			defaultConfigurationName = Release;
		};
		E965303516B2F092009D4307 /* Build configuration list for PBXNativeTarget "Cirqueorial" */ = {
			isa = XCConfigurationList;
			buildConfigurations = (
				E965303616B2F092009D4307 /* Debug */,
				E965303716B2F092009D4307 /* Release */,
			);
			defaultConfigurationIsVisible = 0;
			defaultConfigurationName = Release;
		};
/* End XCConfigurationList section */
	};
	rootObject = E965300816B2F092009D4307 /* Project object */;
}
